// !$*UTF8*$!
{
	archiveVersion = 1;
	classes = {
	};
	objectVersion = 46;
	objects = {

/* Begin PBXBuildFile section */
		8FA03B13199D9E680042DE2D /* Foundation.framework in Frameworks */ = {isa = PBXBuildFile; fileRef = 8FA03B12199D9E680042DE2D /* Foundation.framework */; };
		8FA03B15199D9E680042DE2D /* CoreGraphics.framework in Frameworks */ = {isa = PBXBuildFile; fileRef = 8FA03B14199D9E680042DE2D /* CoreGraphics.framework */; };
		8FA03B17199D9E680042DE2D /* UIKit.framework in Frameworks */ = {isa = PBXBuildFile; fileRef = 8FA03B16199D9E680042DE2D /* UIKit.framework */; };
		8FA03B19199D9E680042DE2D /* SpriteKit.framework in Frameworks */ = {isa = PBXBuildFile; fileRef = 8FA03B18199D9E680042DE2D /* SpriteKit.framework */; };
		8FA03B1F199D9E680042DE2D /* InfoPlist.strings in Resources */ = {isa = PBXBuildFile; fileRef = 8FA03B1D199D9E680042DE2D /* InfoPlist.strings */; };
		8FA03B21199D9E680042DE2D /* main.m in Sources */ = {isa = PBXBuildFile; fileRef = 8FA03B20199D9E680042DE2D /* main.m */; };
		8FA03B25199D9E680042DE2D /* SASAppDelegate.m in Sources */ = {isa = PBXBuildFile; fileRef = 8FA03B24199D9E680042DE2D /* SASAppDelegate.m */; };
		8FA03B28199D9E680042DE2D /* Main.storyboard in Resources */ = {isa = PBXBuildFile; fileRef = 8FA03B26199D9E680042DE2D /* Main.storyboard */; };
		8FA03B2B199D9E680042DE2D /* SASViewController.m in Sources */ = {isa = PBXBuildFile; fileRef = 8FA03B2A199D9E680042DE2D /* SASViewController.m */; };
		8FA03B2E199D9E680042DE2D /* SASMyScene.m in Sources */ = {isa = PBXBuildFile; fileRef = 8FA03B2D199D9E680042DE2D /* SASMyScene.m */; };
		8FA03B30199D9E680042DE2D /* Spaceship.png in Resources */ = {isa = PBXBuildFile; fileRef = 8FA03B2F199D9E680042DE2D /* Spaceship.png */; };
		8FA03B32199D9E680042DE2D /* Images.xcassets in Resources */ = {isa = PBXBuildFile; fileRef = 8FA03B31199D9E680042DE2D /* Images.xcassets */; };
		8FA03B39199D9E680042DE2D /* XCTest.framework in Frameworks */ = {isa = PBXBuildFile; fileRef = 8FA03B38199D9E680042DE2D /* XCTest.framework */; };
		8FA03B3A199D9E680042DE2D /* Foundation.framework in Frameworks */ = {isa = PBXBuildFile; fileRef = 8FA03B12199D9E680042DE2D /* Foundation.framework */; };
		8FA03B3B199D9E680042DE2D /* UIKit.framework in Frameworks */ = {isa = PBXBuildFile; fileRef = 8FA03B16199D9E680042DE2D /* UIKit.framework */; };
		8FA03B43199D9E680042DE2D /* InfoPlist.strings in Resources */ = {isa = PBXBuildFile; fileRef = 8FA03B41199D9E680042DE2D /* InfoPlist.strings */; };
		8FA03B45199D9E680042DE2D /* Spin_StickTests.m in Sources */ = {isa = PBXBuildFile; fileRef = 8FA03B44199D9E680042DE2D /* Spin_StickTests.m */; };
/* End PBXBuildFile section */

/* Begin PBXContainerItemProxy section */
		8FA03B3C199D9E680042DE2D /* PBXContainerItemProxy */ = {
			isa = PBXContainerItemProxy;
			containerPortal = 8FA03B07199D9E680042DE2D /* Project object */;
			proxyType = 1;
			remoteGlobalIDString = 8FA03B0E199D9E680042DE2D;
			remoteInfo = "Spin&Stick";
		};
/* End PBXContainerItemProxy section */

/* Begin PBXFileReference section */
		8FA03B0F199D9E680042DE2D /* Spin&Stick.app */ = {isa = PBXFileReference; explicitFileType = wrapper.application; includeInIndex = 0; path = "Spin&Stick.app"; sourceTree = BUILT_PRODUCTS_DIR; };
		8FA03B12199D9E680042DE2D /* Foundation.framework */ = {isa = PBXFileReference; lastKnownFileType = wrapper.framework; name = Foundation.framework; path = System/Library/Frameworks/Foundation.framework; sourceTree = SDKROOT; };
		8FA03B14199D9E680042DE2D /* CoreGraphics.framework */ = {isa = PBXFileReference; lastKnownFileType = wrapper.framework; name = CoreGraphics.framework; path = System/Library/Frameworks/CoreGraphics.framework; sourceTree = SDKROOT; };
		8FA03B16199D9E680042DE2D /* UIKit.framework */ = {isa = PBXFileReference; lastKnownFileType = wrapper.framework; name = UIKit.framework; path = System/Library/Frameworks/UIKit.framework; sourceTree = SDKROOT; };
		8FA03B18199D9E680042DE2D /* SpriteKit.framework */ = {isa = PBXFileReference; lastKnownFileType = wrapper.framework; name = SpriteKit.framework; path = System/Library/Frameworks/SpriteKit.framework; sourceTree = SDKROOT; };
		8FA03B1C199D9E680042DE2D /* Spin&Stick-Info.plist */ = {isa = PBXFileReference; lastKnownFileType = text.plist.xml; path = "Spin&Stick-Info.plist"; sourceTree = "<group>"; };
		8FA03B1E199D9E680042DE2D /* en */ = {isa = PBXFileReference; lastKnownFileType = text.plist.strings; name = en; path = en.lproj/InfoPlist.strings; sourceTree = "<group>"; };
		8FA03B20199D9E680042DE2D /* main.m */ = {isa = PBXFileReference; lastKnownFileType = sourcecode.c.objc; path = main.m; sourceTree = "<group>"; };
		8FA03B22199D9E680042DE2D /* Spin&Stick-Prefix.pch */ = {isa = PBXFileReference; lastKnownFileType = sourcecode.c.h; path = "Spin&Stick-Prefix.pch"; sourceTree = "<group>"; };
		8FA03B23199D9E680042DE2D /* SASAppDelegate.h */ = {isa = PBXFileReference; lastKnownFileType = sourcecode.c.h; path = SASAppDelegate.h; sourceTree = "<group>"; };
		8FA03B24199D9E680042DE2D /* SASAppDelegate.m */ = {isa = PBXFileReference; lastKnownFileType = sourcecode.c.objc; path = SASAppDelegate.m; sourceTree = "<group>"; };
		8FA03B27199D9E680042DE2D /* Base */ = {isa = PBXFileReference; lastKnownFileType = file.storyboard; name = Base; path = Base.lproj/Main.storyboard; sourceTree = "<group>"; };
		8FA03B29199D9E680042DE2D /* SASViewController.h */ = {isa = PBXFileReference; lastKnownFileType = sourcecode.c.h; path = SASViewController.h; sourceTree = "<group>"; };
		8FA03B2A199D9E680042DE2D /* SASViewController.m */ = {isa = PBXFileReference; lastKnownFileType = sourcecode.c.objc; path = SASViewController.m; sourceTree = "<group>"; };
		8FA03B2C199D9E680042DE2D /* SASMyScene.h */ = {isa = PBXFileReference; lastKnownFileType = sourcecode.c.h; path = SASMyScene.h; sourceTree = "<group>"; };
		8FA03B2D199D9E680042DE2D /* SASMyScene.m */ = {isa = PBXFileReference; lastKnownFileType = sourcecode.c.objc; path = SASMyScene.m; sourceTree = "<group>"; };
		8FA03B2F199D9E680042DE2D /* Spaceship.png */ = {isa = PBXFileReference; lastKnownFileType = image.png; path = Spaceship.png; sourceTree = "<group>"; };
		8FA03B31199D9E680042DE2D /* Images.xcassets */ = {isa = PBXFileReference; lastKnownFileType = folder.assetcatalog; path = Images.xcassets; sourceTree = "<group>"; };
		8FA03B37199D9E680042DE2D /* Spin&StickTests.xctest */ = {isa = PBXFileReference; explicitFileType = wrapper.cfbundle; includeInIndex = 0; path = "Spin&StickTests.xctest"; sourceTree = BUILT_PRODUCTS_DIR; };
		8FA03B38199D9E680042DE2D /* XCTest.framework */ = {isa = PBXFileReference; lastKnownFileType = wrapper.framework; name = XCTest.framework; path = Library/Frameworks/XCTest.framework; sourceTree = DEVELOPER_DIR; };
		8FA03B40199D9E680042DE2D /* Spin&StickTests-Info.plist */ = {isa = PBXFileReference; lastKnownFileType = text.plist.xml; path = "Spin&StickTests-Info.plist"; sourceTree = "<group>"; };
		8FA03B42199D9E680042DE2D /* en */ = {isa = PBXFileReference; lastKnownFileType = text.plist.strings; name = en; path = en.lproj/InfoPlist.strings; sourceTree = "<group>"; };
		8FA03B44199D9E680042DE2D /* Spin_StickTests.m */ = {isa = PBXFileReference; lastKnownFileType = sourcecode.c.objc; path = Spin_StickTests.m; sourceTree = "<group>"; };
/* End PBXFileReference section */

/* Begin PBXFrameworksBuildPhase section */
		8FA03B0C199D9E680042DE2D /* Frameworks */ = {
			isa = PBXFrameworksBuildPhase;
			buildActionMask = 2147483647;
			files = (
				8FA03B15199D9E680042DE2D /* CoreGraphics.framework in Frameworks */,
				8FA03B17199D9E680042DE2D /* UIKit.framework in Frameworks */,
				8FA03B19199D9E680042DE2D /* SpriteKit.framework in Frameworks */,
				8FA03B13199D9E680042DE2D /* Foundation.framework in Frameworks */,
			);
			runOnlyForDeploymentPostprocessing = 0;
		};
		8FA03B34199D9E680042DE2D /* Frameworks */ = {
			isa = PBXFrameworksBuildPhase;
			buildActionMask = 2147483647;
			files = (
				8FA03B39199D9E680042DE2D /* XCTest.framework in Frameworks */,
				8FA03B3B199D9E680042DE2D /* UIKit.framework in Frameworks */,
				8FA03B3A199D9E680042DE2D /* Foundation.framework in Frameworks */,
			);
			runOnlyForDeploymentPostprocessing = 0;
		};
/* End PBXFrameworksBuildPhase section */

/* Begin PBXGroup section */
		8FA03B06199D9E680042DE2D = {
			isa = PBXGroup;
			children = (
				8FA03B1A199D9E680042DE2D /* Spin&Stick */,
				8FA03B3E199D9E680042DE2D /* Spin&StickTests */,
				8FA03B11199D9E680042DE2D /* Frameworks */,
				8FA03B10199D9E680042DE2D /* Products */,
			);
			sourceTree = "<group>";
		};
		8FA03B10199D9E680042DE2D /* Products */ = {
			isa = PBXGroup;
			children = (
				8FA03B0F199D9E680042DE2D /* Spin&Stick.app */,
				8FA03B37199D9E680042DE2D /* Spin&StickTests.xctest */,
			);
			name = Products;
			sourceTree = "<group>";
		};
		8FA03B11199D9E680042DE2D /* Frameworks */ = {
			isa = PBXGroup;
			children = (
				8FA03B12199D9E680042DE2D /* Foundation.framework */,
				8FA03B14199D9E680042DE2D /* CoreGraphics.framework */,
				8FA03B16199D9E680042DE2D /* UIKit.framework */,
				8FA03B18199D9E680042DE2D /* SpriteKit.framework */,
				8FA03B38199D9E680042DE2D /* XCTest.framework */,
			);
			name = Frameworks;
			sourceTree = "<group>";
		};
		8FA03B1A199D9E680042DE2D /* Spin&Stick */ = {
			isa = PBXGroup;
			children = (
				8FA03B23199D9E680042DE2D /* SASAppDelegate.h */,
				8FA03B24199D9E680042DE2D /* SASAppDelegate.m */,
				8FA03B26199D9E680042DE2D /* Main.storyboard */,
				8FA03B29199D9E680042DE2D /* SASViewController.h */,
				8FA03B2A199D9E680042DE2D /* SASViewController.m */,
				8FA03B2C199D9E680042DE2D /* SASMyScene.h */,
				8FA03B2D199D9E680042DE2D /* SASMyScene.m */,
				8FA03B2F199D9E680042DE2D /* Spaceship.png */,
				8FA03B31199D9E680042DE2D /* Images.xcassets */,
				8FA03B1B199D9E680042DE2D /* Supporting Files */,
			);
			path = "Spin&Stick";
			sourceTree = "<group>";
		};
		8FA03B1B199D9E680042DE2D /* Supporting Files */ = {
			isa = PBXGroup;
			children = (
				8FA03B1C199D9E680042DE2D /* Spin&Stick-Info.plist */,
				8FA03B1D199D9E680042DE2D /* InfoPlist.strings */,
				8FA03B20199D9E680042DE2D /* main.m */,
				8FA03B22199D9E680042DE2D /* Spin&Stick-Prefix.pch */,
			);
			name = "Supporting Files";
			sourceTree = "<group>";
		};
		8FA03B3E199D9E680042DE2D /* Spin&StickTests */ = {
			isa = PBXGroup;
			children = (
				8FA03B44199D9E680042DE2D /* Spin_StickTests.m */,
				8FA03B3F199D9E680042DE2D /* Supporting Files */,
			);
			path = "Spin&StickTests";
			sourceTree = "<group>";
		};
		8FA03B3F199D9E680042DE2D /* Supporting Files */ = {
			isa = PBXGroup;
			children = (
				8FA03B40199D9E680042DE2D /* Spin&StickTests-Info.plist */,
				8FA03B41199D9E680042DE2D /* InfoPlist.strings */,
			);
			name = "Supporting Files";
			sourceTree = "<group>";
		};
/* End PBXGroup section */

/* Begin PBXNativeTarget section */
		8FA03B0E199D9E680042DE2D /* Spin&Stick */ = {
			isa = PBXNativeTarget;
			buildConfigurationList = 8FA03B48199D9E680042DE2D /* Build configuration list for PBXNativeTarget "Spin&Stick" */;
			buildPhases = (
				8FA03B0B199D9E680042DE2D /* Sources */,
				8FA03B0C199D9E680042DE2D /* Frameworks */,
				8FA03B0D199D9E680042DE2D /* Resources */,
			);
			buildRules = (
			);
			dependencies = (
			);
			name = "Spin&Stick";
			productName = "Spin&Stick";
			productReference = 8FA03B0F199D9E680042DE2D /* Spin&Stick.app */;
			productType = "com.apple.product-type.application";
		};
		8FA03B36199D9E680042DE2D /* Spin&StickTests */ = {
			isa = PBXNativeTarget;
			buildConfigurationList = 8FA03B4B199D9E680042DE2D /* Build configuration list for PBXNativeTarget "Spin&StickTests" */;
			buildPhases = (
				8FA03B33199D9E680042DE2D /* Sources */,
				8FA03B34199D9E680042DE2D /* Frameworks */,
				8FA03B35199D9E680042DE2D /* Resources */,
			);
			buildRules = (
			);
			dependencies = (
				8FA03B3D199D9E680042DE2D /* PBXTargetDependency */,
			);
			name = "Spin&StickTests";
			productName = "Spin&StickTests";
			productReference = 8FA03B37199D9E680042DE2D /* Spin&StickTests.xctest */;
			productType = "com.apple.product-type.bundle.unit-test";
		};
/* End PBXNativeTarget section */

/* Begin PBXProject section */
		8FA03B07199D9E680042DE2D /* Project object */ = {
			isa = PBXProject;
			attributes = {
				CLASSPREFIX = SAS;
				LastUpgradeCheck = 0510;
				ORGANIZATIONNAME = derricp1;
				TargetAttributes = {
					8FA03B36199D9E680042DE2D = {
						TestTargetID = 8FA03B0E199D9E680042DE2D;
					};
				};
			};
			buildConfigurationList = 8FA03B0A199D9E680042DE2D /* Build configuration list for PBXProject "Spin&Stick" */;
			compatibilityVersion = "Xcode 3.2";
			developmentRegion = English;
			hasScannedForEncodings = 0;
			knownRegions = (
				en,
				Base,
			);
			mainGroup = 8FA03B06199D9E680042DE2D;
			productRefGroup = 8FA03B10199D9E680042DE2D /* Products */;
			projectDirPath = "";
			projectRoot = "";
			targets = (
				8FA03B0E199D9E680042DE2D /* Spin&Stick */,
				8FA03B36199D9E680042DE2D /* Spin&StickTests */,
			);
		};
/* End PBXProject section */

/* Begin PBXResourcesBuildPhase section */
		8FA03B0D199D9E680042DE2D /* Resources */ = {
			isa = PBXResourcesBuildPhase;
			buildActionMask = 2147483647;
			files = (
				8FA03B1F199D9E680042DE2D /* InfoPlist.strings in Resources */,
				8FA03B32199D9E680042DE2D /* Images.xcassets in Resources */,
				8FA03B30199D9E680042DE2D /* Spaceship.png in Resources */,
				8FA03B28199D9E680042DE2D /* Main.storyboard in Resources */,
			);
			runOnlyForDeploymentPostprocessing = 0;
		};
		8FA03B35199D9E680042DE2D /* Resources */ = {
			isa = PBXResourcesBuildPhase;
			buildActionMask = 2147483647;
			files = (
				8FA03B43199D9E680042DE2D /* InfoPlist.strings in Resources */,
			);
			runOnlyForDeploymentPostprocessing = 0;
		};
/* End PBXResourcesBuildPhase section */

/* Begin PBXSourcesBuildPhase section */
		8FA03B0B199D9E680042DE2D /* Sources */ = {
			isa = PBXSourcesBuildPhase;
			buildActionMask = 2147483647;
			files = (
				8FA03B25199D9E680042DE2D /* SASAppDelegate.m in Sources */,
				8FA03B21199D9E680042DE2D /* main.m in Sources */,
				8FA03B2E199D9E680042DE2D /* SASMyScene.m in Sources */,
				8FA03B2B199D9E680042DE2D /* SASViewController.m in Sources */,
			);
			runOnlyForDeploymentPostprocessing = 0;
		};
		8FA03B33199D9E680042DE2D /* Sources */ = {
			isa = PBXSourcesBuildPhase;
			buildActionMask = 2147483647;
			files = (
				8FA03B45199D9E680042DE2D /* Spin_StickTests.m in Sources */,
			);
			runOnlyForDeploymentPostprocessing = 0;
		};
/* End PBXSourcesBuildPhase section */

/* Begin PBXTargetDependency section */
		8FA03B3D199D9E680042DE2D /* PBXTargetDependency */ = {
			isa = PBXTargetDependency;
			target = 8FA03B0E199D9E680042DE2D /* Spin&Stick */;
			targetProxy = 8FA03B3C199D9E680042DE2D /* PBXContainerItemProxy */;
		};
/* End PBXTargetDependency section */

/* Begin PBXVariantGroup section */
		8FA03B1D199D9E680042DE2D /* InfoPlist.strings */ = {
			isa = PBXVariantGroup;
			children = (
				8FA03B1E199D9E680042DE2D /* en */,
			);
			name = InfoPlist.strings;
			sourceTree = "<group>";
		};
		8FA03B26199D9E680042DE2D /* Main.storyboard */ = {
			isa = PBXVariantGroup;
			children = (
				8FA03B27199D9E680042DE2D /* Base */,
			);
			name = Main.storyboard;
			sourceTree = "<group>";
		};
		8FA03B41199D9E680042DE2D /* InfoPlist.strings */ = {
			isa = PBXVariantGroup;
			children = (
				8FA03B42199D9E680042DE2D /* en */,
			);
			name = InfoPlist.strings;
			sourceTree = "<group>";
		};
/* End PBXVariantGroup section */

/* Begin XCBuildConfiguration section */
		8FA03B46199D9E680042DE2D /* Debug */ = {
			isa = XCBuildConfiguration;
			buildSettings = {
				ALWAYS_SEARCH_USER_PATHS = NO;
				CLANG_CXX_LANGUAGE_STANDARD = "gnu++0x";
				CLANG_CXX_LIBRARY = "libc++";
				CLANG_ENABLE_MODULES = YES;
				CLANG_ENABLE_OBJC_ARC = YES;
				CLANG_WARN_BOOL_CONVERSION = YES;
				CLANG_WARN_CONSTANT_CONVERSION = YES;
				CLANG_WARN_DIRECT_OBJC_ISA_USAGE = YES_ERROR;
				CLANG_WARN_EMPTY_BODY = YES;
				CLANG_WARN_ENUM_CONVERSION = YES;
				CLANG_WARN_INT_CONVERSION = YES;
				CLANG_WARN_OBJC_ROOT_CLASS = YES_ERROR;
				CLANG_WARN__DUPLICATE_METHOD_MATCH = YES;
				"CODE_SIGN_IDENTITY[sdk=iphoneos*]" = "iPhone Developer";
				COPY_PHASE_STRIP = NO;
				GCC_C_LANGUAGE_STANDARD = gnu99;
				GCC_DYNAMIC_NO_PIC = NO;
				GCC_OPTIMIZATION_LEVEL = 0;
				GCC_PREPROCESSOR_DEFINITIONS = (
					"DEBUG=1",
					"$(inherited)",
				);
				GCC_SYMBOLS_PRIVATE_EXTERN = NO;
				GCC_WARN_64_TO_32_BIT_CONVERSION = YES;
				GCC_WARN_ABOUT_RETURN_TYPE = YES_ERROR;
				GCC_WARN_UNDECLARED_SELECTOR = YES;
				GCC_WARN_UNINITIALIZED_AUTOS = YES_AGGRESSIVE;
				GCC_WARN_UNUSED_FUNCTION = YES;
				GCC_WARN_UNUSED_VARIABLE = YES;
				IPHONEOS_DEPLOYMENT_TARGET = 7.1;
				ONLY_ACTIVE_ARCH = YES;
				SDKROOT = iphoneos;
			};
			name = Debug;
		};
		8FA03B47199D9E680042DE2D /* Release */ = {
			isa = XCBuildConfiguration;
			buildSettings = {
				ALWAYS_SEARCH_USER_PATHS = NO;
				CLANG_CXX_LANGUAGE_STANDARD = "gnu++0x";
				CLANG_CXX_LIBRARY = "libc++";
				CLANG_ENABLE_MODULES = YES;
				CLANG_ENABLE_OBJC_ARC = YES;
				CLANG_WARN_BOOL_CONVERSION = YES;
				CLANG_WARN_CONSTANT_CONVERSION = YES;
				CLANG_WARN_DIRECT_OBJC_ISA_USAGE = YES_ERROR;
				CLANG_WARN_EMPTY_BODY = YES;
				CLANG_WARN_ENUM_CONVERSION = YES;
				CLANG_WARN_INT_CONVERSION = YES;
				CLANG_WARN_OBJC_ROOT_CLASS = YES_ERROR;
				CLANG_WARN__DUPLICATE_METHOD_MATCH = YES;
				"CODE_SIGN_IDENTITY[sdk=iphoneos*]" = "iPhone Developer";
				COPY_PHASE_STRIP = YES;
				ENABLE_NS_ASSERTIONS = NO;
				GCC_C_LANGUAGE_STANDARD = gnu99;
				GCC_WARN_64_TO_32_BIT_CONVERSION = YES;
				GCC_WARN_ABOUT_RETURN_TYPE = YES_ERROR;
				GCC_WARN_UNDECLARED_SELECTOR = YES;
				GCC_WARN_UNINITIALIZED_AUTOS = YES_AGGRESSIVE;
				GCC_WARN_UNUSED_FUNCTION = YES;
				GCC_WARN_UNUSED_VARIABLE = YES;
				IPHONEOS_DEPLOYMENT_TARGET = 7.1;
				SDKROOT = iphoneos;
				VALIDATE_PRODUCT = YES;
			};
			name = Release;
		};
		8FA03B49199D9E680042DE2D /* Debug */ = {
			isa = XCBuildConfiguration;
			buildSettings = {
				ASSETCATALOG_COMPILER_APPICON_NAME = AppIcon;
				ASSETCATALOG_COMPILER_LAUNCHIMAGE_NAME = LaunchImage;
				GCC_PRECOMPILE_PREFIX_HEADER = YES;
				GCC_PREFIX_HEADER = "Spin&Stick/Spin&Stick-Prefix.pch";
				INFOPLIST_FILE = "Spin&Stick/Spin&Stick-Info.plist";
				PRODUCT_NAME = "$(TARGET_NAME)";
				SPRITEKIT_TEXTURE_ATLAS_OUTPUT = YES;
				WRAPPER_EXTENSION = app;
			};
			name = Debug;
		};
		8FA03B4A199D9E680042DE2D /* Release */ = {
			isa = XCBuildConfiguration;
			buildSettings = {
				ASSETCATALOG_COMPILER_APPICON_NAME = AppIcon;
				ASSETCATALOG_COMPILER_LAUNCHIMAGE_NAME = LaunchImage;
				GCC_PRECOMPILE_PREFIX_HEADER = YES;
				GCC_PREFIX_HEADER = "Spin&Stick/Spin&Stick-Prefix.pch";
				INFOPLIST_FILE = "Spin&Stick/Spin&Stick-Info.plist";
				PRODUCT_NAME = "$(TARGET_NAME)";
				SPRITEKIT_TEXTURE_ATLAS_OUTPUT = YES;
				WRAPPER_EXTENSION = app;
			};
			name = Release;
		};
		8FA03B4C199D9E680042DE2D /* Debug */ = {
			isa = XCBuildConfiguration;
			buildSettings = {
				BUNDLE_LOADER = "$(BUILT_PRODUCTS_DIR)/Spin&Stick.app/Spin&Stick";
				FRAMEWORK_SEARCH_PATHS = (
					"$(SDKROOT)/Developer/Library/Frameworks",
					"$(inherited)",
					"$(DEVELOPER_FRAMEWORKS_DIR)",
				);
				GCC_PRECOMPILE_PREFIX_HEADER = YES;
				GCC_PREFIX_HEADER = "Spin&Stick/Spin&Stick-Prefix.pch";
				GCC_PREPROCESSOR_DEFINITIONS = (
					"DEBUG=1",
					"$(inherited)",
				);
				INFOPLIST_FILE = "Spin&StickTests/Spin&StickTests-Info.plist";
				PRODUCT_NAME = "$(TARGET_NAME)";
				TEST_HOST = "$(BUNDLE_LOADER)";
				WRAPPER_EXTENSION = xctest;
			};
			name = Debug;
		};
		8FA03B4D199D9E680042DE2D /* Release */ = {
			isa = XCBuildConfiguration;
			buildSettings = {
				BUNDLE_LOADER = "$(BUILT_PRODUCTS_DIR)/Spin&Stick.app/Spin&Stick";
				FRAMEWORK_SEARCH_PATHS = (
					"$(SDKROOT)/Developer/Library/Frameworks",
					"$(inherited)",
					"$(DEVELOPER_FRAMEWORKS_DIR)",
				);
				GCC_PRECOMPILE_PREFIX_HEADER = YES;
				GCC_PREFIX_HEADER = "Spin&Stick/Spin&Stick-Prefix.pch";
				INFOPLIST_FILE = "Spin&StickTests/Spin&StickTests-Info.plist";
				PRODUCT_NAME = "$(TARGET_NAME)";
				TEST_HOST = "$(BUNDLE_LOADER)";
				WRAPPER_EXTENSION = xctest;
			};
			name = Release;
		};
/* End XCBuildConfiguration section */

/* Begin XCConfigurationList section */
		8FA03B0A199D9E680042DE2D /* Build configuration list for PBXProject "Spin&Stick" */ = {
			isa = XCConfigurationList;
			buildConfigurations = (
				8FA03B46199D9E680042DE2D /* Debug */,
				8FA03B47199D9E680042DE2D /* Release */,
			);
			defaultConfigurationIsVisible = 0;
			defaultConfigurationName = Release;
		};
		8FA03B48199D9E680042DE2D /* Build configuration list for PBXNativeTarget "Spin&Stick" */ = {
			isa = XCConfigurationList;
			buildConfigurations = (
				8FA03B49199D9E680042DE2D /* Debug */,
				8FA03B4A199D9E680042DE2D /* Release */,
			);
			defaultConfigurationIsVisible = 0;
		};
		8FA03B4B199D9E680042DE2D /* Build configuration list for PBXNativeTarget "Spin&StickTests" */ = {
			isa = XCConfigurationList;
			buildConfigurations = (
				8FA03B4C199D9E680042DE2D /* Debug */,
				8FA03B4D199D9E680042DE2D /* Release */,
			);
			defaultConfigurationIsVisible = 0;
		};
/* End XCConfigurationList section */
	};
	rootObject = 8FA03B07199D9E680042DE2D /* Project object */;
}
